
Microsoft Visual Studio Solution File, Format Version 12.00
# Visual Studio 14
VisualStudioVersion = 14.0.23107.0
MinimumVisualStudioVersion = 10.0.40219.1
Project("{FAE04EC0-301F-11D3-BF4B-00C04F79EFBC}") = "PostReader.WebUI", "PostReaderWebUI\PostReader.WebUI.csproj", "{354011F6-E35A-421D-AB7D-867CDC2D4FE1}"
EndProject
Project("{FAE04EC0-301F-11D3-BF4B-00C04F79EFBC}") = "PostReader.Data", "PostReader.Domain\PostReader.Data.csproj", "{50FB94AC-069F-4EDE-9F86-BCE3DFB759EA}"
EndProject
Global
	GlobalSection(SolutionConfigurationPlatforms) = preSolution
		Debug|Any CPU = Debug|Any CPU
		Release|Any CPU = Release|Any CPU
	EndGlobalSection
	GlobalSection(ProjectConfigurationPlatforms) = postSolution
		{354011F6-E35A-421D-AB7D-867CDC2D4FE1}.Debug|Any CPU.ActiveCfg = Debug|Any CPU
		{354011F6-E35A-421D-AB7D-867CDC2D4FE1}.Debug|Any CPU.Build.0 = Debug|Any CPU
		{354011F6-E35A-421D-AB7D-867CDC2D4FE1}.Release|Any CPU.ActiveCfg = Release|Any CPU
		{354011F6-E35A-421D-AB7D-867CDC2D4FE1}.Release|Any CPU.Build.0 = Release|Any CPU
		{50FB94AC-069F-4EDE-9F86-BCE3DFB759EA}.Debug|Any CPU.ActiveCfg = Debug|Any CPU
		{50FB94AC-069F-4EDE-9F86-BCE3DFB759EA}.Debug|Any CPU.Build.0 = Debug|Any CPU
		{50FB94AC-069F-4EDE-9F86-BCE3DFB759EA}.Release|Any CPU.ActiveCfg = Release|Any CPU
		{50FB94AC-069F-4EDE-9F86-BCE3DFB759EA}.Release|Any CPU.Build.0 = Release|Any CPU
	EndGlobalSection
	GlobalSection(SolutionProperties) = preSolution
		HideSolutionNode = FALSE
	EndGlobalSection
EndGlobal
